// !$*UTF8*$!
{
	archiveVersion = 1;
	classes = {
	};
	objectVersion = 50;
	objects = {

/* Begin PBXBuildFile section */
		CF0F3754246BACF80096554B /* PreviewContent.swift in Sources */ = {isa = PBXBuildFile; fileRef = CF0F3753246BACF80096554B /* PreviewContent.swift */; };
		CF3B2720246295B200D80998 /* scriptures.json in Resources */ = {isa = PBXBuildFile; fileRef = CF3B271E246295B200D80998 /* scriptures.json */; };
		CF492CAC2474C4DC00B7949C /* Colors.swift in Sources */ = {isa = PBXBuildFile; fileRef = CF492CAB2474C4DC00B7949C /* Colors.swift */; };
		CF52509924B8E59B0009979F /* GoToSettingsSheet.swift in Sources */ = {isa = PBXBuildFile; fileRef = CF52509824B8E59B0009979F /* GoToSettingsSheet.swift */; };
		CF53A2D624650BB20066F7A3 /* SettingsView.swift in Sources */ = {isa = PBXBuildFile; fileRef = CF53A2D524650BB20066F7A3 /* SettingsView.swift */; };
		CF53A2D82465197A0066F7A3 /* Settings.swift in Sources */ = {isa = PBXBuildFile; fileRef = CF53A2D72465197A0066F7A3 /* Settings.swift */; };
		CF53A2DA24667E0F0066F7A3 /* PickPickerVIew.swift in Sources */ = {isa = PBXBuildFile; fileRef = CF53A2D924667E0F0066F7A3 /* PickPickerVIew.swift */; };
		CF53A2DC246680AE0066F7A3 /* ScriptureData.swift in Sources */ = {isa = PBXBuildFile; fileRef = CF53A2DB246680AE0066F7A3 /* ScriptureData.swift */; };
		CF53A2DE24668E5C0066F7A3 /* General.swift in Sources */ = {isa = PBXBuildFile; fileRef = CF53A2DD24668E5C0066F7A3 /* General.swift */; };
		CF6767D62486D8530098DECF /* icon_sage@2x.png in Resources */ = {isa = PBXBuildFile; fileRef = CF6767D22486D8530098DECF /* icon_sage@2x.png */; };
		CF6767D72486D8530098DECF /* icon_blue@2x.png in Resources */ = {isa = PBXBuildFile; fileRef = CF6767D32486D8530098DECF /* icon_blue@2x.png */; };
		CF6767D82486D8530098DECF /* icon_sage@3x.png in Resources */ = {isa = PBXBuildFile; fileRef = CF6767D42486D8530098DECF /* icon_sage@3x.png */; };
		CF6767D92486D8530098DECF /* icon_blue@3x.png in Resources */ = {isa = PBXBuildFile; fileRef = CF6767D52486D8530098DECF /* icon_blue@3x.png */; };
		CF6767E62486DAC40098DECF /* icon_yellow@2x.png in Resources */ = {isa = PBXBuildFile; fileRef = CF6767DA2486DAC40098DECF /* icon_yellow@2x.png */; };
		CF6767E72486DAC40098DECF /* icon_gray@2x.png in Resources */ = {isa = PBXBuildFile; fileRef = CF6767DB2486DAC40098DECF /* icon_gray@2x.png */; };
		CF6767E82486DAC40098DECF /* icon_brown@2x.png in Resources */ = {isa = PBXBuildFile; fileRef = CF6767DC2486DAC40098DECF /* icon_brown@2x.png */; };
		CF6767E92486DAC40098DECF /* icon_white@3x.png in Resources */ = {isa = PBXBuildFile; fileRef = CF6767DD2486DAC40098DECF /* icon_white@3x.png */; };
		CF6767EA2486DAC40098DECF /* icon_green@3x.png in Resources */ = {isa = PBXBuildFile; fileRef = CF6767DE2486DAC40098DECF /* icon_green@3x.png */; };
		CF6767EB2486DAC40098DECF /* icon_gray@3x.png in Resources */ = {isa = PBXBuildFile; fileRef = CF6767DF2486DAC40098DECF /* icon_gray@3x.png */; };
		CF6767EC2486DAC40098DECF /* icon_green@2x.png in Resources */ = {isa = PBXBuildFile; fileRef = CF6767E02486DAC40098DECF /* icon_green@2x.png */; };
		CF6767ED2486DAC40098DECF /* icon_slate@2x.png in Resources */ = {isa = PBXBuildFile; fileRef = CF6767E12486DAC40098DECF /* icon_slate@2x.png */; };
		CF6767EE2486DAC40098DECF /* icon_slate@3x.png in Resources */ = {isa = PBXBuildFile; fileRef = CF6767E22486DAC40098DECF /* icon_slate@3x.png */; };
		CF6767EF2486DAC40098DECF /* icon_white@2x.png in Resources */ = {isa = PBXBuildFile; fileRef = CF6767E32486DAC40098DECF /* icon_white@2x.png */; };
		CF6767F02486DAC40098DECF /* icon_yellow@3x.png in Resources */ = {isa = PBXBuildFile; fileRef = CF6767E42486DAC40098DECF /* icon_yellow@3x.png */; };
		CF6767F12486DAC40098DECF /* icon_brown@3x.png in Resources */ = {isa = PBXBuildFile; fileRef = CF6767E52486DAC40098DECF /* icon_brown@3x.png */; };
		CF686DE824B8E374005F7287 /* sorted_indices.json in Resources */ = {isa = PBXBuildFile; fileRef = CF686DE724B8E374005F7287 /* sorted_indices.json */; };
		CF80F904245B79EF001424C4 /* AppDelegate.swift in Sources */ = {isa = PBXBuildFile; fileRef = CF80F903245B79EF001424C4 /* AppDelegate.swift */; };
		CF80F906245B79EF001424C4 /* SceneDelegate.swift in Sources */ = {isa = PBXBuildFile; fileRef = CF80F905245B79EF001424C4 /* SceneDelegate.swift */; };
		CF80F908245B79EF001424C4 /* ScriptureDetail.swift in Sources */ = {isa = PBXBuildFile; fileRef = CF80F907245B79EF001424C4 /* ScriptureDetail.swift */; };
		CF80F90A245B79F8001424C4 /* Assets.xcassets in Resources */ = {isa = PBXBuildFile; fileRef = CF80F909245B79F8001424C4 /* Assets.xcassets */; };
		CF80F90D245B79F8001424C4 /* Preview Assets.xcassets in Resources */ = {isa = PBXBuildFile; fileRef = CF80F90C245B79F8001424C4 /* Preview Assets.xcassets */; };
		CF80F910245B79F8001424C4 /* LaunchScreen.storyboard in Resources */ = {isa = PBXBuildFile; fileRef = CF80F90E245B79F8001424C4 /* LaunchScreen.storyboard */; };
		CF80F91A245D41E6001424C4 /* ScriptureCard.swift in Sources */ = {isa = PBXBuildFile; fileRef = CF80F919245D41E6001424C4 /* ScriptureCard.swift */; };
		CF80F91E245D4767001424C4 /* GeneratedScriptures.swift in Sources */ = {isa = PBXBuildFile; fileRef = CF80F91D245D4767001424C4 /* GeneratedScriptures.swift */; };
		CF80F924245DD343001424C4 /* ScriptureList.swift in Sources */ = {isa = PBXBuildFile; fileRef = CF80F923245DD343001424C4 /* ScriptureList.swift */; };
		CF80F926245DE26E001424C4 /* Constants.swift in Sources */ = {isa = PBXBuildFile; fileRef = CF80F925245DE26E001424C4 /* Constants.swift */; };
		CF811ECE247792B40012116C /* TypePickerView.swift in Sources */ = {isa = PBXBuildFile; fileRef = CF811ECD247792B40012116C /* TypePickerView.swift */; };
		CF9297EF24B920590032AF78 /* TGStartingPickerView.swift in Sources */ = {isa = PBXBuildFile; fileRef = CF9297EE24B920590032AF78 /* TGStartingPickerView.swift */; };
		CF96202C24859E5D00594440 /* MultilineTextField.swift in Sources */ = {isa = PBXBuildFile; fileRef = CF96202B24859E5D00594440 /* MultilineTextField.swift */; };
		CF9FA04724679A8500772D2B /* book_of_mormon_map.json in Resources */ = {isa = PBXBuildFile; fileRef = CF9FA04224679A8500772D2B /* book_of_mormon_map.json */; };
		CF9FA04824679A8500772D2B /* new_testament_map.json in Resources */ = {isa = PBXBuildFile; fileRef = CF9FA04324679A8500772D2B /* new_testament_map.json */; };
		CF9FA04924679A8500772D2B /* doctrine_and_covenants_map.json in Resources */ = {isa = PBXBuildFile; fileRef = CF9FA04424679A8500772D2B /* doctrine_and_covenants_map.json */; };
		CF9FA04A24679A8500772D2B /* pearl_of_great_price_map.json in Resources */ = {isa = PBXBuildFile; fileRef = CF9FA04524679A8500772D2B /* pearl_of_great_price_map.json */; };
		CF9FA04B24679A8500772D2B /* old_testament_map.json in Resources */ = {isa = PBXBuildFile; fileRef = CF9FA04624679A8500772D2B /* old_testament_map.json */; };
		CF9FA04D2469ED4D00772D2B /* StartingPickerView.swift in Sources */ = {isa = PBXBuildFile; fileRef = CF9FA04C2469ED4D00772D2B /* StartingPickerView.swift */; };
		CFA5139C248974BF00F770C6 /* RandomPicker.swift in Sources */ = {isa = PBXBuildFile; fileRef = CFA5139B248974BF00F770C6 /* RandomPicker.swift */; };
		CFA5139E24898D5E00F770C6 /* SectionPicker.swift in Sources */ = {isa = PBXBuildFile; fileRef = CFA5139D24898D5E00F770C6 /* SectionPicker.swift */; };
		CFCADD92248B63B40094FF1C /* IntroCover.swift in Sources */ = {isa = PBXBuildFile; fileRef = CFCADD91248B63B40094FF1C /* IntroCover.swift */; };
		CFD69CCD24B52F3900EC6B9A /* CircleScale.swift in Sources */ = {isa = PBXBuildFile; fileRef = CFD69CCC24B52F3900EC6B9A /* CircleScale.swift */; };
		CFD69CD324B57D1700EC6B9A /* DashboardView.swift in Sources */ = {isa = PBXBuildFile; fileRef = CFD69CD224B57D1700EC6B9A /* DashboardView.swift */; };
		CFE16A662488D0AA005636C9 /* TypePicker.swift in Sources */ = {isa = PBXBuildFile; fileRef = CFE16A652488D0AA005636C9 /* TypePicker.swift */; };
		CFEC797724899AA40011C236 /* IntroNavigator.swift in Sources */ = {isa = PBXBuildFile; fileRef = CFEC797624899AA40011C236 /* IntroNavigator.swift */; };
		CFEC79792489E4A10011C236 /* NotificationsPicker.swift in Sources */ = {isa = PBXBuildFile; fileRef = CFEC79782489E4A10011C236 /* NotificationsPicker.swift */; };
		CFF462D824B909BF0032B738 /* TopicalGuidePickerView.swift in Sources */ = {isa = PBXBuildFile; fileRef = CFF462D724B909BF0032B738 /* TopicalGuidePickerView.swift */; };
		CFFC9D622505A3B900EFE8B8 /* BaseView.swift in Sources */ = {isa = PBXBuildFile; fileRef = CFFC9D612505A3B900EFE8B8 /* BaseView.swift */; };
/* End PBXBuildFile section */

/* Begin PBXFileReference section */
		CF0F3753246BACF80096554B /* PreviewContent.swift */ = {isa = PBXFileReference; lastKnownFileType = sourcecode.swift; path = PreviewContent.swift; sourceTree = "<group>"; };
		CF3B271E246295B200D80998 /* scriptures.json */ = {isa = PBXFileReference; fileEncoding = 4; lastKnownFileType = text.json; path = scriptures.json; sourceTree = "<group>"; };
		CF492CAB2474C4DC00B7949C /* Colors.swift */ = {isa = PBXFileReference; lastKnownFileType = sourcecode.swift; path = Colors.swift; sourceTree = "<group>"; };
		CF52509824B8E59B0009979F /* GoToSettingsSheet.swift */ = {isa = PBXFileReference; lastKnownFileType = sourcecode.swift; path = GoToSettingsSheet.swift; sourceTree = "<group>"; };
		CF53A2D524650BB20066F7A3 /* SettingsView.swift */ = {isa = PBXFileReference; lastKnownFileType = sourcecode.swift; path = SettingsView.swift; sourceTree = "<group>"; };
		CF53A2D72465197A0066F7A3 /* Settings.swift */ = {isa = PBXFileReference; lastKnownFileType = sourcecode.swift; path = Settings.swift; sourceTree = "<group>"; };
		CF53A2D924667E0F0066F7A3 /* PickPickerVIew.swift */ = {isa = PBXFileReference; lastKnownFileType = sourcecode.swift; path = PickPickerVIew.swift; sourceTree = "<group>"; };
		CF53A2DB246680AE0066F7A3 /* ScriptureData.swift */ = {isa = PBXFileReference; lastKnownFileType = sourcecode.swift; path = ScriptureData.swift; sourceTree = "<group>"; };
		CF53A2DD24668E5C0066F7A3 /* General.swift */ = {isa = PBXFileReference; lastKnownFileType = sourcecode.swift; path = General.swift; sourceTree = "<group>"; };
		CF6767D22486D8530098DECF /* icon_sage@2x.png */ = {isa = PBXFileReference; lastKnownFileType = image.png; name = "icon_sage@2x.png"; path = "DayByDay/icon_sage@2x.png"; sourceTree = SOURCE_ROOT; };
		CF6767D32486D8530098DECF /* icon_blue@2x.png */ = {isa = PBXFileReference; lastKnownFileType = image.png; name = "icon_blue@2x.png"; path = "DayByDay/icon_blue@2x.png"; sourceTree = SOURCE_ROOT; };
		CF6767D42486D8530098DECF /* icon_sage@3x.png */ = {isa = PBXFileReference; lastKnownFileType = image.png; name = "icon_sage@3x.png"; path = "DayByDay/icon_sage@3x.png"; sourceTree = SOURCE_ROOT; };
		CF6767D52486D8530098DECF /* icon_blue@3x.png */ = {isa = PBXFileReference; lastKnownFileType = image.png; name = "icon_blue@3x.png"; path = "DayByDay/icon_blue@3x.png"; sourceTree = SOURCE_ROOT; };
		CF6767DA2486DAC40098DECF /* icon_yellow@2x.png */ = {isa = PBXFileReference; lastKnownFileType = image.png; name = "icon_yellow@2x.png"; path = "DayByDay/icon_yellow@2x.png"; sourceTree = SOURCE_ROOT; };
		CF6767DB2486DAC40098DECF /* icon_gray@2x.png */ = {isa = PBXFileReference; lastKnownFileType = image.png; name = "icon_gray@2x.png"; path = "DayByDay/icon_gray@2x.png"; sourceTree = SOURCE_ROOT; };
		CF6767DC2486DAC40098DECF /* icon_brown@2x.png */ = {isa = PBXFileReference; lastKnownFileType = image.png; name = "icon_brown@2x.png"; path = "DayByDay/icon_brown@2x.png"; sourceTree = SOURCE_ROOT; };
		CF6767DD2486DAC40098DECF /* icon_white@3x.png */ = {isa = PBXFileReference; lastKnownFileType = image.png; name = "icon_white@3x.png"; path = "DayByDay/icon_white@3x.png"; sourceTree = SOURCE_ROOT; };
		CF6767DE2486DAC40098DECF /* icon_green@3x.png */ = {isa = PBXFileReference; lastKnownFileType = image.png; name = "icon_green@3x.png"; path = "DayByDay/icon_green@3x.png"; sourceTree = SOURCE_ROOT; };
		CF6767DF2486DAC40098DECF /* icon_gray@3x.png */ = {isa = PBXFileReference; lastKnownFileType = image.png; name = "icon_gray@3x.png"; path = "DayByDay/icon_gray@3x.png"; sourceTree = SOURCE_ROOT; };
		CF6767E02486DAC40098DECF /* icon_green@2x.png */ = {isa = PBXFileReference; lastKnownFileType = image.png; name = "icon_green@2x.png"; path = "DayByDay/icon_green@2x.png"; sourceTree = SOURCE_ROOT; };
		CF6767E12486DAC40098DECF /* icon_slate@2x.png */ = {isa = PBXFileReference; lastKnownFileType = image.png; name = "icon_slate@2x.png"; path = "DayByDay/icon_slate@2x.png"; sourceTree = SOURCE_ROOT; };
		CF6767E22486DAC40098DECF /* icon_slate@3x.png */ = {isa = PBXFileReference; lastKnownFileType = image.png; name = "icon_slate@3x.png"; path = "DayByDay/icon_slate@3x.png"; sourceTree = SOURCE_ROOT; };
		CF6767E32486DAC40098DECF /* icon_white@2x.png */ = {isa = PBXFileReference; lastKnownFileType = image.png; name = "icon_white@2x.png"; path = "DayByDay/icon_white@2x.png"; sourceTree = SOURCE_ROOT; };
		CF6767E42486DAC40098DECF /* icon_yellow@3x.png */ = {isa = PBXFileReference; lastKnownFileType = image.png; name = "icon_yellow@3x.png"; path = "DayByDay/icon_yellow@3x.png"; sourceTree = SOURCE_ROOT; };
		CF6767E52486DAC40098DECF /* icon_brown@3x.png */ = {isa = PBXFileReference; lastKnownFileType = image.png; name = "icon_brown@3x.png"; path = "DayByDay/icon_brown@3x.png"; sourceTree = SOURCE_ROOT; };
		CF686DE724B8E374005F7287 /* sorted_indices.json */ = {isa = PBXFileReference; fileEncoding = 4; lastKnownFileType = text.json; path = sorted_indices.json; sourceTree = "<group>"; };
		CF80F900245B79EF001424C4 /* Day by Day.app */ = {isa = PBXFileReference; explicitFileType = wrapper.application; includeInIndex = 0; path = "Day by Day.app"; sourceTree = BUILT_PRODUCTS_DIR; };
		CF80F903245B79EF001424C4 /* AppDelegate.swift */ = {isa = PBXFileReference; lastKnownFileType = sourcecode.swift; path = AppDelegate.swift; sourceTree = "<group>"; };
		CF80F905245B79EF001424C4 /* SceneDelegate.swift */ = {isa = PBXFileReference; lastKnownFileType = sourcecode.swift; path = SceneDelegate.swift; sourceTree = "<group>"; };
		CF80F907245B79EF001424C4 /* ScriptureDetail.swift */ = {isa = PBXFileReference; lastKnownFileType = sourcecode.swift; path = ScriptureDetail.swift; sourceTree = "<group>"; };
		CF80F909245B79F8001424C4 /* Assets.xcassets */ = {isa = PBXFileReference; lastKnownFileType = folder.assetcatalog; path = Assets.xcassets; sourceTree = "<group>"; };
		CF80F90C245B79F8001424C4 /* Preview Assets.xcassets */ = {isa = PBXFileReference; lastKnownFileType = folder.assetcatalog; path = "Preview Assets.xcassets"; sourceTree = "<group>"; };
		CF80F90F245B79F8001424C4 /* Base */ = {isa = PBXFileReference; lastKnownFileType = file.storyboard; name = Base; path = Base.lproj/LaunchScreen.storyboard; sourceTree = "<group>"; };
		CF80F911245B79F8001424C4 /* Info.plist */ = {isa = PBXFileReference; lastKnownFileType = text.plist.xml; path = Info.plist; sourceTree = "<group>"; };
		CF80F919245D41E6001424C4 /* ScriptureCard.swift */ = {isa = PBXFileReference; lastKnownFileType = sourcecode.swift; path = ScriptureCard.swift; sourceTree = "<group>"; };
		CF80F91D245D4767001424C4 /* GeneratedScriptures.swift */ = {isa = PBXFileReference; lastKnownFileType = sourcecode.swift; path = GeneratedScriptures.swift; sourceTree = "<group>"; };
		CF80F923245DD343001424C4 /* ScriptureList.swift */ = {isa = PBXFileReference; lastKnownFileType = sourcecode.swift; path = ScriptureList.swift; sourceTree = "<group>"; };
		CF80F925245DE26E001424C4 /* Constants.swift */ = {isa = PBXFileReference; lastKnownFileType = sourcecode.swift; path = Constants.swift; sourceTree = "<group>"; };
		CF811ECD247792B40012116C /* TypePickerView.swift */ = {isa = PBXFileReference; lastKnownFileType = sourcecode.swift; path = TypePickerView.swift; sourceTree = "<group>"; };
		CF9297EE24B920590032AF78 /* TGStartingPickerView.swift */ = {isa = PBXFileReference; lastKnownFileType = sourcecode.swift; path = TGStartingPickerView.swift; sourceTree = "<group>"; };
		CF96202B24859E5D00594440 /* MultilineTextField.swift */ = {isa = PBXFileReference; lastKnownFileType = sourcecode.swift; path = MultilineTextField.swift; sourceTree = "<group>"; };
		CF9FA04224679A8500772D2B /* book_of_mormon_map.json */ = {isa = PBXFileReference; fileEncoding = 4; lastKnownFileType = text.json; path = book_of_mormon_map.json; sourceTree = "<group>"; };
		CF9FA04324679A8500772D2B /* new_testament_map.json */ = {isa = PBXFileReference; fileEncoding = 4; lastKnownFileType = text.json; path = new_testament_map.json; sourceTree = "<group>"; };
		CF9FA04424679A8500772D2B /* doctrine_and_covenants_map.json */ = {isa = PBXFileReference; fileEncoding = 4; lastKnownFileType = text.json; path = doctrine_and_covenants_map.json; sourceTree = "<group>"; };
		CF9FA04524679A8500772D2B /* pearl_of_great_price_map.json */ = {isa = PBXFileReference; fileEncoding = 4; lastKnownFileType = text.json; path = pearl_of_great_price_map.json; sourceTree = "<group>"; };
		CF9FA04624679A8500772D2B /* old_testament_map.json */ = {isa = PBXFileReference; fileEncoding = 4; lastKnownFileType = text.json; path = old_testament_map.json; sourceTree = "<group>"; };
		CF9FA04C2469ED4D00772D2B /* StartingPickerView.swift */ = {isa = PBXFileReference; lastKnownFileType = sourcecode.swift; path = StartingPickerView.swift; sourceTree = "<group>"; };
		CFA5139B248974BF00F770C6 /* RandomPicker.swift */ = {isa = PBXFileReference; lastKnownFileType = sourcecode.swift; path = RandomPicker.swift; sourceTree = "<group>"; };
		CFA5139D24898D5E00F770C6 /* SectionPicker.swift */ = {isa = PBXFileReference; lastKnownFileType = sourcecode.swift; path = SectionPicker.swift; sourceTree = "<group>"; };
		CFCADD91248B63B40094FF1C /* IntroCover.swift */ = {isa = PBXFileReference; lastKnownFileType = sourcecode.swift; path = IntroCover.swift; sourceTree = "<group>"; };
		CFD69CCC24B52F3900EC6B9A /* CircleScale.swift */ = {isa = PBXFileReference; lastKnownFileType = sourcecode.swift; path = CircleScale.swift; sourceTree = "<group>"; };
		CFD69CD224B57D1700EC6B9A /* DashboardView.swift */ = {isa = PBXFileReference; lastKnownFileType = sourcecode.swift; path = DashboardView.swift; sourceTree = "<group>"; };
		CFE16A652488D0AA005636C9 /* TypePicker.swift */ = {isa = PBXFileReference; lastKnownFileType = sourcecode.swift; path = TypePicker.swift; sourceTree = "<group>"; };
		CFEC797624899AA40011C236 /* IntroNavigator.swift */ = {isa = PBXFileReference; lastKnownFileType = sourcecode.swift; path = IntroNavigator.swift; sourceTree = "<group>"; };
		CFEC79782489E4A10011C236 /* NotificationsPicker.swift */ = {isa = PBXFileReference; lastKnownFileType = sourcecode.swift; path = NotificationsPicker.swift; sourceTree = "<group>"; };
		CFF462D724B909BF0032B738 /* TopicalGuidePickerView.swift */ = {isa = PBXFileReference; lastKnownFileType = sourcecode.swift; path = TopicalGuidePickerView.swift; sourceTree = "<group>"; };
		CFFC9D612505A3B900EFE8B8 /* BaseView.swift */ = {isa = PBXFileReference; lastKnownFileType = sourcecode.swift; path = BaseView.swift; sourceTree = "<group>"; };
/* End PBXFileReference section */

/* Begin PBXFrameworksBuildPhase section */
		CF80F8FD245B79EF001424C4 /* Frameworks */ = {
			isa = PBXFrameworksBuildPhase;
			buildActionMask = 2147483647;
			files = (
			);
			runOnlyForDeploymentPostprocessing = 0;
		};
/* End PBXFrameworksBuildPhase section */

/* Begin PBXGroup section */
		CF0F3755246BAFFB0096554B /* Scripture Views */ = {
			isa = PBXGroup;
			children = (
				CF80F923245DD343001424C4 /* ScriptureList.swift */,
				CF80F919245D41E6001424C4 /* ScriptureCard.swift */,
				CF80F907245B79EF001424C4 /* ScriptureDetail.swift */,
				CF96202B24859E5D00594440 /* MultilineTextField.swift */,
			);
			path = "Scripture Views";
			sourceTree = "<group>";
		};
		CF3B271D2462872800D80998 /* Scriptures Data */ = {
			isa = PBXGroup;
			children = (
				CF53A2DB246680AE0066F7A3 /* ScriptureData.swift */,
				CF80F91D245D4767001424C4 /* GeneratedScriptures.swift */,
				CF9FA04224679A8500772D2B /* book_of_mormon_map.json */,
				CF9FA04424679A8500772D2B /* doctrine_and_covenants_map.json */,
				CF9FA04324679A8500772D2B /* new_testament_map.json */,
				CF9FA04624679A8500772D2B /* old_testament_map.json */,
				CF9FA04524679A8500772D2B /* pearl_of_great_price_map.json */,
				CF686DE724B8E374005F7287 /* sorted_indices.json */,
				CF3B271E246295B200D80998 /* scriptures.json */,
			);
			path = "Scriptures Data";
			sourceTree = "<group>";
		};
		CF6767C92486D78D0098DECF /* App Icons */ = {
			isa = PBXGroup;
			children = (
				CF6767DC2486DAC40098DECF /* icon_brown@2x.png */,
				CF6767E52486DAC40098DECF /* icon_brown@3x.png */,
				CF6767DB2486DAC40098DECF /* icon_gray@2x.png */,
				CF6767DF2486DAC40098DECF /* icon_gray@3x.png */,
				CF6767E02486DAC40098DECF /* icon_green@2x.png */,
				CF6767DE2486DAC40098DECF /* icon_green@3x.png */,
				CF6767E12486DAC40098DECF /* icon_slate@2x.png */,
				CF6767E22486DAC40098DECF /* icon_slate@3x.png */,
				CF6767E32486DAC40098DECF /* icon_white@2x.png */,
				CF6767DD2486DAC40098DECF /* icon_white@3x.png */,
				CF6767DA2486DAC40098DECF /* icon_yellow@2x.png */,
				CF6767E42486DAC40098DECF /* icon_yellow@3x.png */,
				CF6767D32486D8530098DECF /* icon_blue@2x.png */,
				CF6767D52486D8530098DECF /* icon_blue@3x.png */,
				CF6767D22486D8530098DECF /* icon_sage@2x.png */,
				CF6767D42486D8530098DECF /* icon_sage@3x.png */,
			);
			name = "App Icons";
			path = "Settings Views";
			sourceTree = "<group>";
		};
		CF6C0B1B246509FA0050144E /* Settings Views */ = {
			isa = PBXGroup;
			children = (
				CF53A2D72465197A0066F7A3 /* Settings.swift */,
				CF53A2D524650BB20066F7A3 /* SettingsView.swift */,
				CF52509824B8E59B0009979F /* GoToSettingsSheet.swift */,
				CF811ECD247792B40012116C /* TypePickerView.swift */,
				CF53A2D924667E0F0066F7A3 /* PickPickerVIew.swift */,
				CFF462D724B909BF0032B738 /* TopicalGuidePickerView.swift */,
				CF9FA04C2469ED4D00772D2B /* StartingPickerView.swift */,
				CF9297EE24B920590032AF78 /* TGStartingPickerView.swift */,
			);
			path = "Settings Views";
			sourceTree = "<group>";
		};
		CF80F8F7245B79EF001424C4 = {
			isa = PBXGroup;
			children = (
				CF80F902245B79EF001424C4 /* DayByDay */,
				CF80F901245B79EF001424C4 /* Products */,
			);
			sourceTree = "<group>";
		};
		CF80F901245B79EF001424C4 /* Products */ = {
			isa = PBXGroup;
			children = (
				CF80F900245B79EF001424C4 /* Day by Day.app */,
			);
			name = Products;
			sourceTree = "<group>";
		};
		CF80F902245B79EF001424C4 /* DayByDay */ = {
			isa = PBXGroup;
			children = (
				CF80F903245B79EF001424C4 /* AppDelegate.swift */,
				CF80F905245B79EF001424C4 /* SceneDelegate.swift */,
				CFFC9D612505A3B900EFE8B8 /* BaseView.swift */,
				CF53A2DD24668E5C0066F7A3 /* General.swift */,
				CF80F925245DE26E001424C4 /* Constants.swift */,
				CF492CAB2474C4DC00B7949C /* Colors.swift */,
				CF80F909245B79F8001424C4 /* Assets.xcassets */,
				CF80F90E245B79F8001424C4 /* LaunchScreen.storyboard */,
				CF80F911245B79F8001424C4 /* Info.plist */,
				CF0F3755246BAFFB0096554B /* Scripture Views */,
				CF6C0B1B246509FA0050144E /* Settings Views */,
				CF9297F024B97F3E0032AF78 /* Dashboard Views */,
				CFE16A642488D065005636C9 /* Intro Views */,
				CF3B271D2462872800D80998 /* Scriptures Data */,
				CF6767C92486D78D0098DECF /* App Icons */,
				CF80F90B245B79F8001424C4 /* Preview Content */,
			);
			path = DayByDay;
			sourceTree = "<group>";
		};
		CF80F90B245B79F8001424C4 /* Preview Content */ = {
			isa = PBXGroup;
			children = (
				CF0F3753246BACF80096554B /* PreviewContent.swift */,
				CF80F90C245B79F8001424C4 /* Preview Assets.xcassets */,
			);
			path = "Preview Content";
			sourceTree = "<group>";
		};
		CF9297F024B97F3E0032AF78 /* Dashboard Views */ = {
			isa = PBXGroup;
			children = (
				CFD69CD224B57D1700EC6B9A /* DashboardView.swift */,
				CFD69CCC24B52F3900EC6B9A /* CircleScale.swift */,
			);
			name = "Dashboard Views";
			sourceTree = "<group>";
		};
		CFE16A642488D065005636C9 /* Intro Views */ = {
			isa = PBXGroup;
			children = (
				CFEC797624899AA40011C236 /* IntroNavigator.swift */,
				CFCADD91248B63B40094FF1C /* IntroCover.swift */,
				CFE16A652488D0AA005636C9 /* TypePicker.swift */,
				CFA5139D24898D5E00F770C6 /* SectionPicker.swift */,
				CFA5139B248974BF00F770C6 /* RandomPicker.swift */,
				CFEC79782489E4A10011C236 /* NotificationsPicker.swift */,
			);
			path = "Intro Views";
			sourceTree = "<group>";
		};
/* End PBXGroup section */

/* Begin PBXNativeTarget section */
		CF80F8FF245B79EF001424C4 /* DayByDay */ = {
			isa = PBXNativeTarget;
			buildConfigurationList = CF80F914245B79F8001424C4 /* Build configuration list for PBXNativeTarget "DayByDay" */;
			buildPhases = (
				CF80F8FC245B79EF001424C4 /* Sources */,
				CF80F8FD245B79EF001424C4 /* Frameworks */,
				CF80F8FE245B79EF001424C4 /* Resources */,
			);
			buildRules = (
			);
			dependencies = (
			);
			name = DayByDay;
			productName = DayByDay;
			productReference = CF80F900245B79EF001424C4 /* Day by Day.app */;
			productType = "com.apple.product-type.application";
		};
/* End PBXNativeTarget section */

/* Begin PBXProject section */
		CF80F8F8245B79EF001424C4 /* Project object */ = {
			isa = PBXProject;
			attributes = {
				LastSwiftUpdateCheck = 1140;
				LastUpgradeCheck = 1200;
				ORGANIZATIONNAME = "Jerome Campbell";
				TargetAttributes = {
					CF80F8FF245B79EF001424C4 = {
						CreatedOnToolsVersion = 11.4.1;
					};
				};
			};
			buildConfigurationList = CF80F8FB245B79EF001424C4 /* Build configuration list for PBXProject "DayByDay" */;
			compatibilityVersion = "Xcode 9.3";
			developmentRegion = en;
			hasScannedForEncodings = 0;
			knownRegions = (
				en,
				Base,
			);
			mainGroup = CF80F8F7245B79EF001424C4;
			productRefGroup = CF80F901245B79EF001424C4 /* Products */;
			projectDirPath = "";
			projectRoot = "";
			targets = (
				CF80F8FF245B79EF001424C4 /* DayByDay */,
			);
		};
/* End PBXProject section */

/* Begin PBXResourcesBuildPhase section */
		CF80F8FE245B79EF001424C4 /* Resources */ = {
			isa = PBXResourcesBuildPhase;
			buildActionMask = 2147483647;
			files = (
				CF6767E92486DAC40098DECF /* icon_white@3x.png in Resources */,
				CF9FA04724679A8500772D2B /* book_of_mormon_map.json in Resources */,
				CF6767E62486DAC40098DECF /* icon_yellow@2x.png in Resources */,
				CF80F910245B79F8001424C4 /* LaunchScreen.storyboard in Resources */,
				CF6767EA2486DAC40098DECF /* icon_green@3x.png in Resources */,
				CF6767D82486D8530098DECF /* icon_sage@3x.png in Resources */,
				CF3B2720246295B200D80998 /* scriptures.json in Resources */,
				CF686DE824B8E374005F7287 /* sorted_indices.json in Resources */,
				CF6767E72486DAC40098DECF /* icon_gray@2x.png in Resources */,
				CF6767EB2486DAC40098DECF /* icon_gray@3x.png in Resources */,
				CF9FA04924679A8500772D2B /* doctrine_and_covenants_map.json in Resources */,
				CF9FA04824679A8500772D2B /* new_testament_map.json in Resources */,
				CF9FA04B24679A8500772D2B /* old_testament_map.json in Resources */,
				CF6767EE2486DAC40098DECF /* icon_slate@3x.png in Resources */,
				CF80F90D245B79F8001424C4 /* Preview Assets.xcassets in Resources */,
				CF6767D72486D8530098DECF /* icon_blue@2x.png in Resources */,
				CF9FA04A24679A8500772D2B /* pearl_of_great_price_map.json in Resources */,
				CF6767EC2486DAC40098DECF /* icon_green@2x.png in Resources */,
				CF80F90A245B79F8001424C4 /* Assets.xcassets in Resources */,
				CF6767EF2486DAC40098DECF /* icon_white@2x.png in Resources */,
				CF6767ED2486DAC40098DECF /* icon_slate@2x.png in Resources */,
				CF6767F12486DAC40098DECF /* icon_brown@3x.png in Resources */,
				CF6767F02486DAC40098DECF /* icon_yellow@3x.png in Resources */,
				CF6767D92486D8530098DECF /* icon_blue@3x.png in Resources */,
				CF6767E82486DAC40098DECF /* icon_brown@2x.png in Resources */,
				CF6767D62486D8530098DECF /* icon_sage@2x.png in Resources */,
			);
			runOnlyForDeploymentPostprocessing = 0;
		};
/* End PBXResourcesBuildPhase section */

/* Begin PBXSourcesBuildPhase section */
		CF80F8FC245B79EF001424C4 /* Sources */ = {
			isa = PBXSourcesBuildPhase;
			buildActionMask = 2147483647;
			files = (
				CFFC9D622505A3B900EFE8B8 /* BaseView.swift in Sources */,
				CF80F924245DD343001424C4 /* ScriptureList.swift in Sources */,
				CFA5139E24898D5E00F770C6 /* SectionPicker.swift in Sources */,
				CF80F904245B79EF001424C4 /* AppDelegate.swift in Sources */,
				CF0F3754246BACF80096554B /* PreviewContent.swift in Sources */,
				CF492CAC2474C4DC00B7949C /* Colors.swift in Sources */,
				CF811ECE247792B40012116C /* TypePickerView.swift in Sources */,
				CF80F91E245D4767001424C4 /* GeneratedScriptures.swift in Sources */,
				CFF462D824B909BF0032B738 /* TopicalGuidePickerView.swift in Sources */,
				CF52509924B8E59B0009979F /* GoToSettingsSheet.swift in Sources */,
				CF80F906245B79EF001424C4 /* SceneDelegate.swift in Sources */,
				CFE16A662488D0AA005636C9 /* TypePicker.swift in Sources */,
				CF53A2DA24667E0F0066F7A3 /* PickPickerVIew.swift in Sources */,
				CF96202C24859E5D00594440 /* MultilineTextField.swift in Sources */,
				CFCADD92248B63B40094FF1C /* IntroCover.swift in Sources */,
				CF53A2D82465197A0066F7A3 /* Settings.swift in Sources */,
				CFEC79792489E4A10011C236 /* NotificationsPicker.swift in Sources */,
				CF9FA04D2469ED4D00772D2B /* StartingPickerView.swift in Sources */,
				CFD69CD324B57D1700EC6B9A /* DashboardView.swift in Sources */,
				CFA5139C248974BF00F770C6 /* RandomPicker.swift in Sources */,
				CF80F908245B79EF001424C4 /* ScriptureDetail.swift in Sources */,
				CF9297EF24B920590032AF78 /* TGStartingPickerView.swift in Sources */,
				CFD69CCD24B52F3900EC6B9A /* CircleScale.swift in Sources */,
				CF53A2DE24668E5C0066F7A3 /* General.swift in Sources */,
				CF80F91A245D41E6001424C4 /* ScriptureCard.swift in Sources */,
				CFEC797724899AA40011C236 /* IntroNavigator.swift in Sources */,
				CF80F926245DE26E001424C4 /* Constants.swift in Sources */,
				CF53A2DC246680AE0066F7A3 /* ScriptureData.swift in Sources */,
				CF53A2D624650BB20066F7A3 /* SettingsView.swift in Sources */,
			);
			runOnlyForDeploymentPostprocessing = 0;
		};
/* End PBXSourcesBuildPhase section */

/* Begin PBXVariantGroup section */
		CF80F90E245B79F8001424C4 /* LaunchScreen.storyboard */ = {
			isa = PBXVariantGroup;
			children = (
				CF80F90F245B79F8001424C4 /* Base */,
			);
			name = LaunchScreen.storyboard;
			sourceTree = "<group>";
		};
/* End PBXVariantGroup section */

/* Begin XCBuildConfiguration section */
		CF80F912245B79F8001424C4 /* Debug */ = {
			isa = XCBuildConfiguration;
			buildSettings = {
				ALWAYS_SEARCH_USER_PATHS = NO;
				CLANG_ANALYZER_NONNULL = YES;
				CLANG_ANALYZER_NUMBER_OBJECT_CONVERSION = YES_AGGRESSIVE;
				CLANG_CXX_LANGUAGE_STANDARD = "gnu++14";
				CLANG_CXX_LIBRARY = "libc++";
				CLANG_ENABLE_MODULES = YES;
				CLANG_ENABLE_OBJC_ARC = YES;
				CLANG_ENABLE_OBJC_WEAK = YES;
				CLANG_WARN_BLOCK_CAPTURE_AUTORELEASING = YES;
				CLANG_WARN_BOOL_CONVERSION = YES;
				CLANG_WARN_COMMA = YES;
				CLANG_WARN_CONSTANT_CONVERSION = YES;
				CLANG_WARN_DEPRECATED_OBJC_IMPLEMENTATIONS = YES;
				CLANG_WARN_DIRECT_OBJC_ISA_USAGE = YES_ERROR;
				CLANG_WARN_DOCUMENTATION_COMMENTS = YES;
				CLANG_WARN_EMPTY_BODY = YES;
				CLANG_WARN_ENUM_CONVERSION = YES;
				CLANG_WARN_INFINITE_RECURSION = YES;
				CLANG_WARN_INT_CONVERSION = YES;
				CLANG_WARN_NON_LITERAL_NULL_CONVERSION = YES;
				CLANG_WARN_OBJC_IMPLICIT_RETAIN_SELF = YES;
				CLANG_WARN_OBJC_LITERAL_CONVERSION = YES;
				CLANG_WARN_OBJC_ROOT_CLASS = YES_ERROR;
				CLANG_WARN_QUOTED_INCLUDE_IN_FRAMEWORK_HEADER = YES;
				CLANG_WARN_RANGE_LOOP_ANALYSIS = YES;
				CLANG_WARN_STRICT_PROTOTYPES = YES;
				CLANG_WARN_SUSPICIOUS_MOVE = YES;
				CLANG_WARN_UNGUARDED_AVAILABILITY = YES_AGGRESSIVE;
				CLANG_WARN_UNREACHABLE_CODE = YES;
				CLANG_WARN__DUPLICATE_METHOD_MATCH = YES;
				COPY_PHASE_STRIP = NO;
				DEBUG_INFORMATION_FORMAT = dwarf;
				ENABLE_STRICT_OBJC_MSGSEND = YES;
				ENABLE_TESTABILITY = YES;
				GCC_C_LANGUAGE_STANDARD = gnu11;
				GCC_DYNAMIC_NO_PIC = NO;
				GCC_NO_COMMON_BLOCKS = YES;
				GCC_OPTIMIZATION_LEVEL = 0;
				GCC_PREPROCESSOR_DEFINITIONS = (
					"DEBUG=1",
					"$(inherited)",
				);
				GCC_WARN_64_TO_32_BIT_CONVERSION = YES;
				GCC_WARN_ABOUT_RETURN_TYPE = YES_ERROR;
				GCC_WARN_UNDECLARED_SELECTOR = YES;
				GCC_WARN_UNINITIALIZED_AUTOS = YES_AGGRESSIVE;
				GCC_WARN_UNUSED_FUNCTION = YES;
				GCC_WARN_UNUSED_VARIABLE = YES;
				IPHONEOS_DEPLOYMENT_TARGET = 14.0;
				MTL_ENABLE_DEBUG_INFO = INCLUDE_SOURCE;
				MTL_FAST_MATH = YES;
				ONLY_ACTIVE_ARCH = YES;
				SDKROOT = iphoneos;
				SWIFT_ACTIVE_COMPILATION_CONDITIONS = DEBUG;
				SWIFT_OPTIMIZATION_LEVEL = "-Onone";
			};
			name = Debug;
		};
		CF80F913245B79F8001424C4 /* Release */ = {
			isa = XCBuildConfiguration;
			buildSettings = {
				ALWAYS_SEARCH_USER_PATHS = NO;
				CLANG_ANALYZER_NONNULL = YES;
				CLANG_ANALYZER_NUMBER_OBJECT_CONVERSION = YES_AGGRESSIVE;
				CLANG_CXX_LANGUAGE_STANDARD = "gnu++14";
				CLANG_CXX_LIBRARY = "libc++";
				CLANG_ENABLE_MODULES = YES;
				CLANG_ENABLE_OBJC_ARC = YES;
				CLANG_ENABLE_OBJC_WEAK = YES;
				CLANG_WARN_BLOCK_CAPTURE_AUTORELEASING = YES;
				CLANG_WARN_BOOL_CONVERSION = YES;
				CLANG_WARN_COMMA = YES;
				CLANG_WARN_CONSTANT_CONVERSION = YES;
				CLANG_WARN_DEPRECATED_OBJC_IMPLEMENTATIONS = YES;
				CLANG_WARN_DIRECT_OBJC_ISA_USAGE = YES_ERROR;
				CLANG_WARN_DOCUMENTATION_COMMENTS = YES;
				CLANG_WARN_EMPTY_BODY = YES;
				CLANG_WARN_ENUM_CONVERSION = YES;
				CLANG_WARN_INFINITE_RECURSION = YES;
				CLANG_WARN_INT_CONVERSION = YES;
				CLANG_WARN_NON_LITERAL_NULL_CONVERSION = YES;
				CLANG_WARN_OBJC_IMPLICIT_RETAIN_SELF = YES;
				CLANG_WARN_OBJC_LITERAL_CONVERSION = YES;
				CLANG_WARN_OBJC_ROOT_CLASS = YES_ERROR;
				CLANG_WARN_QUOTED_INCLUDE_IN_FRAMEWORK_HEADER = YES;
				CLANG_WARN_RANGE_LOOP_ANALYSIS = YES;
				CLANG_WARN_STRICT_PROTOTYPES = YES;
				CLANG_WARN_SUSPICIOUS_MOVE = YES;
				CLANG_WARN_UNGUARDED_AVAILABILITY = YES_AGGRESSIVE;
				CLANG_WARN_UNREACHABLE_CODE = YES;
				CLANG_WARN__DUPLICATE_METHOD_MATCH = YES;
				COPY_PHASE_STRIP = NO;
				DEBUG_INFORMATION_FORMAT = "dwarf-with-dsym";
				ENABLE_NS_ASSERTIONS = NO;
				ENABLE_STRICT_OBJC_MSGSEND = YES;
				GCC_C_LANGUAGE_STANDARD = gnu11;
				GCC_NO_COMMON_BLOCKS = YES;
				GCC_WARN_64_TO_32_BIT_CONVERSION = YES;
				GCC_WARN_ABOUT_RETURN_TYPE = YES_ERROR;
				GCC_WARN_UNDECLARED_SELECTOR = YES;
				GCC_WARN_UNINITIALIZED_AUTOS = YES_AGGRESSIVE;
				GCC_WARN_UNUSED_FUNCTION = YES;
				GCC_WARN_UNUSED_VARIABLE = YES;
				IPHONEOS_DEPLOYMENT_TARGET = 14.0;
				MTL_ENABLE_DEBUG_INFO = NO;
				MTL_FAST_MATH = YES;
				SDKROOT = iphoneos;
				SWIFT_COMPILATION_MODE = wholemodule;
				SWIFT_OPTIMIZATION_LEVEL = "-O";
				VALIDATE_PRODUCT = YES;
			};
			name = Release;
		};
		CF80F915245B79F8001424C4 /* Debug */ = {
			isa = XCBuildConfiguration;
			buildSettings = {
				ASSETCATALOG_COMPILER_APPICON_NAME = AppIcon;
				CODE_SIGN_STYLE = Automatic;
				DEVELOPMENT_ASSET_PATHS = "\"DayByDay/Preview Content\"";
				DEVELOPMENT_TEAM = DF352DP5G8;
				ENABLE_PREVIEWS = YES;
				INFOPLIST_FILE = DayByDay/Info.plist;
				IPHONEOS_DEPLOYMENT_TARGET = 14.0;
				LD_RUNPATH_SEARCH_PATHS = (
					"$(inherited)",
					"@executable_path/Frameworks",
				);
				MARKETING_VERSION = 2020.5;
				PRODUCT_BUNDLE_IDENTIFIER = com.jeromecampbell.DayByDay;
				PRODUCT_NAME = "Day by Day";
				SWIFT_VERSION = 5.0;
				TARGETED_DEVICE_FAMILY = 1;
			};
			name = Debug;
		};
		CF80F916245B79F8001424C4 /* Release */ = {
			isa = XCBuildConfiguration;
			buildSettings = {
				ASSETCATALOG_COMPILER_APPICON_NAME = AppIcon;
				CODE_SIGN_STYLE = Automatic;
				DEVELOPMENT_ASSET_PATHS = "\"DayByDay/Preview Content\"";
				DEVELOPMENT_TEAM = DF352DP5G8;
				ENABLE_PREVIEWS = YES;
				INFOPLIST_FILE = DayByDay/Info.plist;
				IPHONEOS_DEPLOYMENT_TARGET = 14.0;
				LD_RUNPATH_SEARCH_PATHS = (
					"$(inherited)",
					"@executable_path/Frameworks",
				);
				MARKETING_VERSION = 2020.5;
				PRODUCT_BUNDLE_IDENTIFIER = com.jeromecampbell.DayByDay;
				PRODUCT_NAME = "Day by Day";
				SWIFT_VERSION = 5.0;
				TARGETED_DEVICE_FAMILY = 1;
			};
			name = Release;
		};
/* End XCBuildConfiguration section */

/* Begin XCConfigurationList section */
		CF80F8FB245B79EF001424C4 /* Build configuration list for PBXProject "DayByDay" */ = {
			isa = XCConfigurationList;
			buildConfigurations = (
				CF80F912245B79F8001424C4 /* Debug */,
				CF80F913245B79F8001424C4 /* Release */,
			);
			defaultConfigurationIsVisible = 0;
			defaultConfigurationName = Release;
		};
		CF80F914245B79F8001424C4 /* Build configuration list for PBXNativeTarget "DayByDay" */ = {
			isa = XCConfigurationList;
			buildConfigurations = (
				CF80F915245B79F8001424C4 /* Debug */,
				CF80F916245B79F8001424C4 /* Release */,
			);
			defaultConfigurationIsVisible = 0;
			defaultConfigurationName = Release;
		};
/* End XCConfigurationList section */
	};
	rootObject = CF80F8F8245B79EF001424C4 /* Project object */;
}
