// !$*UTF8*$!
{
	archiveVersion = 1;
	classes = {
	};
	objectVersion = 50;
	objects = {

/* Begin PBXBuildFile section */
		CF3B271C246286AF00D80998 /* ScriptureGenerator.swift in Sources */ = {isa = PBXBuildFile; fileRef = CF3B271B246286AF00D80998 /* ScriptureGenerator.swift */; };
		CF3B2720246295B200D80998 /* scriptures.json in Resources */ = {isa = PBXBuildFile; fileRef = CF3B271E246295B200D80998 /* scriptures.json */; };
		CF3B2721246295B200D80998 /* scriptures_map.json in Resources */ = {isa = PBXBuildFile; fileRef = CF3B271F246295B200D80998 /* scriptures_map.json */; };
		CF53A2D624650BB20066F7A3 /* SettingsView.swift in Sources */ = {isa = PBXBuildFile; fileRef = CF53A2D524650BB20066F7A3 /* SettingsView.swift */; };
		CF53A2D82465197A0066F7A3 /* Settings.swift in Sources */ = {isa = PBXBuildFile; fileRef = CF53A2D72465197A0066F7A3 /* Settings.swift */; };
		CF53A2DA24667E0F0066F7A3 /* SettingsPickerVIew.swift in Sources */ = {isa = PBXBuildFile; fileRef = CF53A2D924667E0F0066F7A3 /* SettingsPickerVIew.swift */; };
		CF53A2DC246680AE0066F7A3 /* ScriptureMap.swift in Sources */ = {isa = PBXBuildFile; fileRef = CF53A2DB246680AE0066F7A3 /* ScriptureMap.swift */; };
		CF53A2DE24668E5C0066F7A3 /* General.swift in Sources */ = {isa = PBXBuildFile; fileRef = CF53A2DD24668E5C0066F7A3 /* General.swift */; };
		CF80F904245B79EF001424C4 /* AppDelegate.swift in Sources */ = {isa = PBXBuildFile; fileRef = CF80F903245B79EF001424C4 /* AppDelegate.swift */; };
		CF80F906245B79EF001424C4 /* SceneDelegate.swift in Sources */ = {isa = PBXBuildFile; fileRef = CF80F905245B79EF001424C4 /* SceneDelegate.swift */; };
		CF80F908245B79EF001424C4 /* ScriptureDetail.swift in Sources */ = {isa = PBXBuildFile; fileRef = CF80F907245B79EF001424C4 /* ScriptureDetail.swift */; };
		CF80F90A245B79F8001424C4 /* Assets.xcassets in Resources */ = {isa = PBXBuildFile; fileRef = CF80F909245B79F8001424C4 /* Assets.xcassets */; };
		CF80F90D245B79F8001424C4 /* Preview Assets.xcassets in Resources */ = {isa = PBXBuildFile; fileRef = CF80F90C245B79F8001424C4 /* Preview Assets.xcassets */; };
		CF80F910245B79F8001424C4 /* LaunchScreen.storyboard in Resources */ = {isa = PBXBuildFile; fileRef = CF80F90E245B79F8001424C4 /* LaunchScreen.storyboard */; };
		CF80F918245D3FC6001424C4 /* Scripture.swift in Sources */ = {isa = PBXBuildFile; fileRef = CF80F917245D3FC6001424C4 /* Scripture.swift */; };
		CF80F91A245D41E6001424C4 /* ScriptureCard.swift in Sources */ = {isa = PBXBuildFile; fileRef = CF80F919245D41E6001424C4 /* ScriptureCard.swift */; };
		CF80F91E245D4767001424C4 /* Data.swift in Sources */ = {isa = PBXBuildFile; fileRef = CF80F91D245D4767001424C4 /* Data.swift */; };
		CF80F924245DD343001424C4 /* ScriptureList.swift in Sources */ = {isa = PBXBuildFile; fileRef = CF80F923245DD343001424C4 /* ScriptureList.swift */; };
		CF80F926245DE26E001424C4 /* Constants.swift in Sources */ = {isa = PBXBuildFile; fileRef = CF80F925245DE26E001424C4 /* Constants.swift */; };
		CF80F9282460D924001424C4 /* ScriptureView.swift in Sources */ = {isa = PBXBuildFile; fileRef = CF80F9272460D923001424C4 /* ScriptureView.swift */; };
/* End PBXBuildFile section */

/* Begin PBXFileReference section */
		CF3B271B246286AF00D80998 /* ScriptureGenerator.swift */ = {isa = PBXFileReference; lastKnownFileType = sourcecode.swift; path = ScriptureGenerator.swift; sourceTree = "<group>"; };
		CF3B271E246295B200D80998 /* scriptures.json */ = {isa = PBXFileReference; fileEncoding = 4; lastKnownFileType = text.json; path = scriptures.json; sourceTree = "<group>"; };
		CF3B271F246295B200D80998 /* scriptures_map.json */ = {isa = PBXFileReference; fileEncoding = 4; lastKnownFileType = text.json; path = scriptures_map.json; sourceTree = "<group>"; };
		CF53A2D524650BB20066F7A3 /* SettingsView.swift */ = {isa = PBXFileReference; lastKnownFileType = sourcecode.swift; path = SettingsView.swift; sourceTree = "<group>"; };
		CF53A2D72465197A0066F7A3 /* Settings.swift */ = {isa = PBXFileReference; lastKnownFileType = sourcecode.swift; path = Settings.swift; sourceTree = "<group>"; };
		CF53A2D924667E0F0066F7A3 /* SettingsPickerVIew.swift */ = {isa = PBXFileReference; lastKnownFileType = sourcecode.swift; path = SettingsPickerVIew.swift; sourceTree = "<group>"; };
		CF53A2DB246680AE0066F7A3 /* ScriptureMap.swift */ = {isa = PBXFileReference; lastKnownFileType = sourcecode.swift; path = ScriptureMap.swift; sourceTree = "<group>"; };
		CF53A2DD24668E5C0066F7A3 /* General.swift */ = {isa = PBXFileReference; lastKnownFileType = sourcecode.swift; path = General.swift; sourceTree = "<group>"; };
		CF80F900245B79EF001424C4 /* DayByDay.app */ = {isa = PBXFileReference; explicitFileType = wrapper.application; includeInIndex = 0; path = DayByDay.app; sourceTree = BUILT_PRODUCTS_DIR; };
		CF80F903245B79EF001424C4 /* AppDelegate.swift */ = {isa = PBXFileReference; lastKnownFileType = sourcecode.swift; path = AppDelegate.swift; sourceTree = "<group>"; };
		CF80F905245B79EF001424C4 /* SceneDelegate.swift */ = {isa = PBXFileReference; lastKnownFileType = sourcecode.swift; path = SceneDelegate.swift; sourceTree = "<group>"; };
		CF80F907245B79EF001424C4 /* ScriptureDetail.swift */ = {isa = PBXFileReference; lastKnownFileType = sourcecode.swift; path = ScriptureDetail.swift; sourceTree = "<group>"; };
		CF80F909245B79F8001424C4 /* Assets.xcassets */ = {isa = PBXFileReference; lastKnownFileType = folder.assetcatalog; path = Assets.xcassets; sourceTree = "<group>"; };
		CF80F90C245B79F8001424C4 /* Preview Assets.xcassets */ = {isa = PBXFileReference; lastKnownFileType = folder.assetcatalog; path = "Preview Assets.xcassets"; sourceTree = "<group>"; };
		CF80F90F245B79F8001424C4 /* Base */ = {isa = PBXFileReference; lastKnownFileType = file.storyboard; name = Base; path = Base.lproj/LaunchScreen.storyboard; sourceTree = "<group>"; };
		CF80F911245B79F8001424C4 /* Info.plist */ = {isa = PBXFileReference; lastKnownFileType = text.plist.xml; path = Info.plist; sourceTree = "<group>"; };
		CF80F917245D3FC6001424C4 /* Scripture.swift */ = {isa = PBXFileReference; lastKnownFileType = sourcecode.swift; path = Scripture.swift; sourceTree = "<group>"; };
		CF80F919245D41E6001424C4 /* ScriptureCard.swift */ = {isa = PBXFileReference; lastKnownFileType = sourcecode.swift; path = ScriptureCard.swift; sourceTree = "<group>"; };
		CF80F91D245D4767001424C4 /* Data.swift */ = {isa = PBXFileReference; lastKnownFileType = sourcecode.swift; path = Data.swift; sourceTree = "<group>"; };
		CF80F923245DD343001424C4 /* ScriptureList.swift */ = {isa = PBXFileReference; lastKnownFileType = sourcecode.swift; path = ScriptureList.swift; sourceTree = "<group>"; };
		CF80F925245DE26E001424C4 /* Constants.swift */ = {isa = PBXFileReference; lastKnownFileType = sourcecode.swift; path = Constants.swift; sourceTree = "<group>"; };
		CF80F9272460D923001424C4 /* ScriptureView.swift */ = {isa = PBXFileReference; lastKnownFileType = sourcecode.swift; path = ScriptureView.swift; sourceTree = "<group>"; };
/* End PBXFileReference section */

/* Begin PBXFrameworksBuildPhase section */
		CF80F8FD245B79EF001424C4 /* Frameworks */ = {
			isa = PBXFrameworksBuildPhase;
			buildActionMask = 2147483647;
			files = (
			);
			runOnlyForDeploymentPostprocessing = 0;
		};
/* End PBXFrameworksBuildPhase section */

/* Begin PBXGroup section */
		CF3B271D2462872800D80998 /* Scriptures Source Data */ = {
			isa = PBXGroup;
			children = (
				CF3B271F246295B200D80998 /* scriptures_map.json */,
				CF3B271E246295B200D80998 /* scriptures.json */,
			);
			path = "Scriptures Source Data";
			sourceTree = "<group>";
		};
		CF6C0B1B246509FA0050144E /* Settings */ = {
			isa = PBXGroup;
			children = (
				CF53A2D524650BB20066F7A3 /* SettingsView.swift */,
				CF53A2D72465197A0066F7A3 /* Settings.swift */,
				CF53A2D924667E0F0066F7A3 /* SettingsPickerVIew.swift */,
			);
			path = Settings;
			sourceTree = "<group>";
		};
		CF80F8F7245B79EF001424C4 = {
			isa = PBXGroup;
			children = (
				CF80F902245B79EF001424C4 /* DayByDay */,
				CF80F901245B79EF001424C4 /* Products */,
			);
			sourceTree = "<group>";
		};
		CF80F901245B79EF001424C4 /* Products */ = {
			isa = PBXGroup;
			children = (
				CF80F900245B79EF001424C4 /* DayByDay.app */,
			);
			name = Products;
			sourceTree = "<group>";
		};
		CF80F902245B79EF001424C4 /* DayByDay */ = {
			isa = PBXGroup;
			children = (
				CF80F903245B79EF001424C4 /* AppDelegate.swift */,
				CF80F905245B79EF001424C4 /* SceneDelegate.swift */,
				CF80F917245D3FC6001424C4 /* Scripture.swift */,
				CF80F91D245D4767001424C4 /* Data.swift */,
				CF53A2DD24668E5C0066F7A3 /* General.swift */,
				CF53A2DB246680AE0066F7A3 /* ScriptureMap.swift */,
				CF3B271B246286AF00D80998 /* ScriptureGenerator.swift */,
				CF80F9272460D923001424C4 /* ScriptureView.swift */,
				CF80F919245D41E6001424C4 /* ScriptureCard.swift */,
				CF80F923245DD343001424C4 /* ScriptureList.swift */,
				CF80F907245B79EF001424C4 /* ScriptureDetail.swift */,
				CF80F925245DE26E001424C4 /* Constants.swift */,
				CF80F909245B79F8001424C4 /* Assets.xcassets */,
				CF80F90E245B79F8001424C4 /* LaunchScreen.storyboard */,
				CF80F911245B79F8001424C4 /* Info.plist */,
				CF6C0B1B246509FA0050144E /* Settings */,
				CF3B271D2462872800D80998 /* Scriptures Source Data */,
				CF80F90B245B79F8001424C4 /* Preview Content */,
			);
			path = DayByDay;
			sourceTree = "<group>";
		};
		CF80F90B245B79F8001424C4 /* Preview Content */ = {
			isa = PBXGroup;
			children = (
				CF80F90C245B79F8001424C4 /* Preview Assets.xcassets */,
			);
			path = "Preview Content";
			sourceTree = "<group>";
		};
/* End PBXGroup section */

/* Begin PBXNativeTarget section */
		CF80F8FF245B79EF001424C4 /* DayByDay */ = {
			isa = PBXNativeTarget;
			buildConfigurationList = CF80F914245B79F8001424C4 /* Build configuration list for PBXNativeTarget "DayByDay" */;
			buildPhases = (
				CF80F8FC245B79EF001424C4 /* Sources */,
				CF80F8FD245B79EF001424C4 /* Frameworks */,
				CF80F8FE245B79EF001424C4 /* Resources */,
			);
			buildRules = (
			);
			dependencies = (
			);
			name = DayByDay;
			productName = DayByDay;
			productReference = CF80F900245B79EF001424C4 /* DayByDay.app */;
			productType = "com.apple.product-type.application";
		};
/* End PBXNativeTarget section */

/* Begin PBXProject section */
		CF80F8F8245B79EF001424C4 /* Project object */ = {
			isa = PBXProject;
			attributes = {
				LastSwiftUpdateCheck = 1140;
				LastUpgradeCheck = 1140;
				ORGANIZATIONNAME = "Jerome Campbell";
				TargetAttributes = {
					CF80F8FF245B79EF001424C4 = {
						CreatedOnToolsVersion = 11.4.1;
					};
				};
			};
			buildConfigurationList = CF80F8FB245B79EF001424C4 /* Build configuration list for PBXProject "DayByDay" */;
			compatibilityVersion = "Xcode 9.3";
			developmentRegion = en;
			hasScannedForEncodings = 0;
			knownRegions = (
				en,
				Base,
			);
			mainGroup = CF80F8F7245B79EF001424C4;
			productRefGroup = CF80F901245B79EF001424C4 /* Products */;
			projectDirPath = "";
			projectRoot = "";
			targets = (
				CF80F8FF245B79EF001424C4 /* DayByDay */,
			);
		};
/* End PBXProject section */

/* Begin PBXResourcesBuildPhase section */
		CF80F8FE245B79EF001424C4 /* Resources */ = {
			isa = PBXResourcesBuildPhase;
			buildActionMask = 2147483647;
			files = (
				CF80F910245B79F8001424C4 /* LaunchScreen.storyboard in Resources */,
				CF3B2720246295B200D80998 /* scriptures.json in Resources */,
				CF80F90D245B79F8001424C4 /* Preview Assets.xcassets in Resources */,
				CF3B2721246295B200D80998 /* scriptures_map.json in Resources */,
				CF80F90A245B79F8001424C4 /* Assets.xcassets in Resources */,
			);
			runOnlyForDeploymentPostprocessing = 0;
		};
/* End PBXResourcesBuildPhase section */

/* Begin PBXSourcesBuildPhase section */
		CF80F8FC245B79EF001424C4 /* Sources */ = {
			isa = PBXSourcesBuildPhase;
			buildActionMask = 2147483647;
			files = (
				CF80F924245DD343001424C4 /* ScriptureList.swift in Sources */,
				CF80F904245B79EF001424C4 /* AppDelegate.swift in Sources */,
				CF80F91E245D4767001424C4 /* Data.swift in Sources */,
				CF3B271C246286AF00D80998 /* ScriptureGenerator.swift in Sources */,
				CF80F906245B79EF001424C4 /* SceneDelegate.swift in Sources */,
				CF80F9282460D924001424C4 /* ScriptureView.swift in Sources */,
				CF53A2DA24667E0F0066F7A3 /* SettingsPickerVIew.swift in Sources */,
				CF53A2D82465197A0066F7A3 /* Settings.swift in Sources */,
				CF80F908245B79EF001424C4 /* ScriptureDetail.swift in Sources */,
				CF53A2DE24668E5C0066F7A3 /* General.swift in Sources */,
				CF80F91A245D41E6001424C4 /* ScriptureCard.swift in Sources */,
				CF80F918245D3FC6001424C4 /* Scripture.swift in Sources */,
				CF80F926245DE26E001424C4 /* Constants.swift in Sources */,
				CF53A2DC246680AE0066F7A3 /* ScriptureMap.swift in Sources */,
				CF53A2D624650BB20066F7A3 /* SettingsView.swift in Sources */,
			);
			runOnlyForDeploymentPostprocessing = 0;
		};
/* End PBXSourcesBuildPhase section */

/* Begin PBXVariantGroup section */
		CF80F90E245B79F8001424C4 /* LaunchScreen.storyboard */ = {
			isa = PBXVariantGroup;
			children = (
				CF80F90F245B79F8001424C4 /* Base */,
			);
			name = LaunchScreen.storyboard;
			sourceTree = "<group>";
		};
/* End PBXVariantGroup section */

/* Begin XCBuildConfiguration section */
		CF80F912245B79F8001424C4 /* Debug */ = {
			isa = XCBuildConfiguration;
			buildSettings = {
				ALWAYS_SEARCH_USER_PATHS = NO;
				CLANG_ANALYZER_NONNULL = YES;
				CLANG_ANALYZER_NUMBER_OBJECT_CONVERSION = YES_AGGRESSIVE;
				CLANG_CXX_LANGUAGE_STANDARD = "gnu++14";
				CLANG_CXX_LIBRARY = "libc++";
				CLANG_ENABLE_MODULES = YES;
				CLANG_ENABLE_OBJC_ARC = YES;
				CLANG_ENABLE_OBJC_WEAK = YES;
				CLANG_WARN_BLOCK_CAPTURE_AUTORELEASING = YES;
				CLANG_WARN_BOOL_CONVERSION = YES;
				CLANG_WARN_COMMA = YES;
				CLANG_WARN_CONSTANT_CONVERSION = YES;
				CLANG_WARN_DEPRECATED_OBJC_IMPLEMENTATIONS = YES;
				CLANG_WARN_DIRECT_OBJC_ISA_USAGE = YES_ERROR;
				CLANG_WARN_DOCUMENTATION_COMMENTS = YES;
				CLANG_WARN_EMPTY_BODY = YES;
				CLANG_WARN_ENUM_CONVERSION = YES;
				CLANG_WARN_INFINITE_RECURSION = YES;
				CLANG_WARN_INT_CONVERSION = YES;
				CLANG_WARN_NON_LITERAL_NULL_CONVERSION = YES;
				CLANG_WARN_OBJC_IMPLICIT_RETAIN_SELF = YES;
				CLANG_WARN_OBJC_LITERAL_CONVERSION = YES;
				CLANG_WARN_OBJC_ROOT_CLASS = YES_ERROR;
				CLANG_WARN_RANGE_LOOP_ANALYSIS = YES;
				CLANG_WARN_STRICT_PROTOTYPES = YES;
				CLANG_WARN_SUSPICIOUS_MOVE = YES;
				CLANG_WARN_UNGUARDED_AVAILABILITY = YES_AGGRESSIVE;
				CLANG_WARN_UNREACHABLE_CODE = YES;
				CLANG_WARN__DUPLICATE_METHOD_MATCH = YES;
				COPY_PHASE_STRIP = NO;
				DEBUG_INFORMATION_FORMAT = dwarf;
				ENABLE_STRICT_OBJC_MSGSEND = YES;
				ENABLE_TESTABILITY = YES;
				GCC_C_LANGUAGE_STANDARD = gnu11;
				GCC_DYNAMIC_NO_PIC = NO;
				GCC_NO_COMMON_BLOCKS = YES;
				GCC_OPTIMIZATION_LEVEL = 0;
				GCC_PREPROCESSOR_DEFINITIONS = (
					"DEBUG=1",
					"$(inherited)",
				);
				GCC_WARN_64_TO_32_BIT_CONVERSION = YES;
				GCC_WARN_ABOUT_RETURN_TYPE = YES_ERROR;
				GCC_WARN_UNDECLARED_SELECTOR = YES;
				GCC_WARN_UNINITIALIZED_AUTOS = YES_AGGRESSIVE;
				GCC_WARN_UNUSED_FUNCTION = YES;
				GCC_WARN_UNUSED_VARIABLE = YES;
				IPHONEOS_DEPLOYMENT_TARGET = 13.4;
				MTL_ENABLE_DEBUG_INFO = INCLUDE_SOURCE;
				MTL_FAST_MATH = YES;
				ONLY_ACTIVE_ARCH = YES;
				SDKROOT = iphoneos;
				SWIFT_ACTIVE_COMPILATION_CONDITIONS = DEBUG;
				SWIFT_OPTIMIZATION_LEVEL = "-Onone";
			};
			name = Debug;
		};
		CF80F913245B79F8001424C4 /* Release */ = {
			isa = XCBuildConfiguration;
			buildSettings = {
				ALWAYS_SEARCH_USER_PATHS = NO;
				CLANG_ANALYZER_NONNULL = YES;
				CLANG_ANALYZER_NUMBER_OBJECT_CONVERSION = YES_AGGRESSIVE;
				CLANG_CXX_LANGUAGE_STANDARD = "gnu++14";
				CLANG_CXX_LIBRARY = "libc++";
				CLANG_ENABLE_MODULES = YES;
				CLANG_ENABLE_OBJC_ARC = YES;
				CLANG_ENABLE_OBJC_WEAK = YES;
				CLANG_WARN_BLOCK_CAPTURE_AUTORELEASING = YES;
				CLANG_WARN_BOOL_CONVERSION = YES;
				CLANG_WARN_COMMA = YES;
				CLANG_WARN_CONSTANT_CONVERSION = YES;
				CLANG_WARN_DEPRECATED_OBJC_IMPLEMENTATIONS = YES;
				CLANG_WARN_DIRECT_OBJC_ISA_USAGE = YES_ERROR;
				CLANG_WARN_DOCUMENTATION_COMMENTS = YES;
				CLANG_WARN_EMPTY_BODY = YES;
				CLANG_WARN_ENUM_CONVERSION = YES;
				CLANG_WARN_INFINITE_RECURSION = YES;
				CLANG_WARN_INT_CONVERSION = YES;
				CLANG_WARN_NON_LITERAL_NULL_CONVERSION = YES;
				CLANG_WARN_OBJC_IMPLICIT_RETAIN_SELF = YES;
				CLANG_WARN_OBJC_LITERAL_CONVERSION = YES;
				CLANG_WARN_OBJC_ROOT_CLASS = YES_ERROR;
				CLANG_WARN_RANGE_LOOP_ANALYSIS = YES;
				CLANG_WARN_STRICT_PROTOTYPES = YES;
				CLANG_WARN_SUSPICIOUS_MOVE = YES;
				CLANG_WARN_UNGUARDED_AVAILABILITY = YES_AGGRESSIVE;
				CLANG_WARN_UNREACHABLE_CODE = YES;
				CLANG_WARN__DUPLICATE_METHOD_MATCH = YES;
				COPY_PHASE_STRIP = NO;
				DEBUG_INFORMATION_FORMAT = "dwarf-with-dsym";
				ENABLE_NS_ASSERTIONS = NO;
				ENABLE_STRICT_OBJC_MSGSEND = YES;
				GCC_C_LANGUAGE_STANDARD = gnu11;
				GCC_NO_COMMON_BLOCKS = YES;
				GCC_WARN_64_TO_32_BIT_CONVERSION = YES;
				GCC_WARN_ABOUT_RETURN_TYPE = YES_ERROR;
				GCC_WARN_UNDECLARED_SELECTOR = YES;
				GCC_WARN_UNINITIALIZED_AUTOS = YES_AGGRESSIVE;
				GCC_WARN_UNUSED_FUNCTION = YES;
				GCC_WARN_UNUSED_VARIABLE = YES;
				IPHONEOS_DEPLOYMENT_TARGET = 13.4;
				MTL_ENABLE_DEBUG_INFO = NO;
				MTL_FAST_MATH = YES;
				SDKROOT = iphoneos;
				SWIFT_COMPILATION_MODE = wholemodule;
				SWIFT_OPTIMIZATION_LEVEL = "-O";
				VALIDATE_PRODUCT = YES;
			};
			name = Release;
		};
		CF80F915245B79F8001424C4 /* Debug */ = {
			isa = XCBuildConfiguration;
			buildSettings = {
				ASSETCATALOG_COMPILER_APPICON_NAME = AppIcon;
				CODE_SIGN_STYLE = Automatic;
				DEVELOPMENT_ASSET_PATHS = "\"DayByDay/Preview Content\"";
				DEVELOPMENT_TEAM = DF352DP5G8;
				ENABLE_PREVIEWS = YES;
				INFOPLIST_FILE = DayByDay/Info.plist;
				LD_RUNPATH_SEARCH_PATHS = (
					"$(inherited)",
					"@executable_path/Frameworks",
				);
				PRODUCT_BUNDLE_IDENTIFIER = com.jeromecampbell.DayByDay;
				PRODUCT_NAME = "$(TARGET_NAME)";
				SWIFT_VERSION = 5.0;
				TARGETED_DEVICE_FAMILY = "1,2";
			};
			name = Debug;
		};
		CF80F916245B79F8001424C4 /* Release */ = {
			isa = XCBuildConfiguration;
			buildSettings = {
				ASSETCATALOG_COMPILER_APPICON_NAME = AppIcon;
				CODE_SIGN_STYLE = Automatic;
				DEVELOPMENT_ASSET_PATHS = "\"DayByDay/Preview Content\"";
				DEVELOPMENT_TEAM = DF352DP5G8;
				ENABLE_PREVIEWS = YES;
				INFOPLIST_FILE = DayByDay/Info.plist;
				LD_RUNPATH_SEARCH_PATHS = (
					"$(inherited)",
					"@executable_path/Frameworks",
				);
				PRODUCT_BUNDLE_IDENTIFIER = com.jeromecampbell.DayByDay;
				PRODUCT_NAME = "$(TARGET_NAME)";
				SWIFT_VERSION = 5.0;
				TARGETED_DEVICE_FAMILY = "1,2";
			};
			name = Release;
		};
/* End XCBuildConfiguration section */

/* Begin XCConfigurationList section */
		CF80F8FB245B79EF001424C4 /* Build configuration list for PBXProject "DayByDay" */ = {
			isa = XCConfigurationList;
			buildConfigurations = (
				CF80F912245B79F8001424C4 /* Debug */,
				CF80F913245B79F8001424C4 /* Release */,
			);
			defaultConfigurationIsVisible = 0;
			defaultConfigurationName = Release;
		};
		CF80F914245B79F8001424C4 /* Build configuration list for PBXNativeTarget "DayByDay" */ = {
			isa = XCConfigurationList;
			buildConfigurations = (
				CF80F915245B79F8001424C4 /* Debug */,
				CF80F916245B79F8001424C4 /* Release */,
			);
			defaultConfigurationIsVisible = 0;
			defaultConfigurationName = Release;
		};
/* End XCConfigurationList section */
	};
	rootObject = CF80F8F8245B79EF001424C4 /* Project object */;
}
